// !$*UTF8*$!
{
	archiveVersion = 1;
	classes = {
	};
	objectVersion = 46;
	objects = {

/* Begin PBXBuildFile section */
		71E0D6931AA25A210055C0DF /* AppDelegate.swift in Sources */ = {isa = PBXBuildFile; fileRef = 71E0D6921AA25A210055C0DF /* AppDelegate.swift */; };
		71E0D6951AA25A210055C0DF /* ViewController.swift in Sources */ = {isa = PBXBuildFile; fileRef = 71E0D6941AA25A210055C0DF /* ViewController.swift */; };
		71E0D6981AA25A210055C0DF /* Main.storyboard in Resources */ = {isa = PBXBuildFile; fileRef = 71E0D6961AA25A210055C0DF /* Main.storyboard */; };
		71E0D69A1AA25A210055C0DF /* Images.xcassets in Resources */ = {isa = PBXBuildFile; fileRef = 71E0D6991AA25A210055C0DF /* Images.xcassets */; };
		71E0D69D1AA25A210055C0DF /* LaunchScreen.xib in Resources */ = {isa = PBXBuildFile; fileRef = 71E0D69B1AA25A210055C0DF /* LaunchScreen.xib */; };
		71E0D6A91AA25A210055C0DF /* ClockTests.swift in Sources */ = {isa = PBXBuildFile; fileRef = 71E0D6A81AA25A210055C0DF /* ClockTests.swift */; };
/* End PBXBuildFile section */

/* Begin PBXContainerItemProxy section */
		71E0D6A31AA25A210055C0DF /* PBXContainerItemProxy */ = {
			isa = PBXContainerItemProxy;
			containerPortal = 71E0D6851AA25A210055C0DF /* Project object */;
			proxyType = 1;
			remoteGlobalIDString = 71E0D68C1AA25A210055C0DF;
			remoteInfo = Clock;
		};
/* End PBXContainerItemProxy section */

/* Begin PBXFileReference section */
		71E0D68D1AA25A210055C0DF /* Clock.app */ = {isa = PBXFileReference; explicitFileType = wrapper.application; includeInIndex = 0; path = Clock.app; sourceTree = BUILT_PRODUCTS_DIR; };
		71E0D6911AA25A210055C0DF /* Info.plist */ = {isa = PBXFileReference; lastKnownFileType = text.plist.xml; path = Info.plist; sourceTree = "<group>"; };
		71E0D6921AA25A210055C0DF /* AppDelegate.swift */ = {isa = PBXFileReference; lastKnownFileType = sourcecode.swift; path = AppDelegate.swift; sourceTree = "<group>"; };
		71E0D6941AA25A210055C0DF /* ViewController.swift */ = {isa = PBXFileReference; lastKnownFileType = sourcecode.swift; path = ViewController.swift; sourceTree = "<group>"; };
		71E0D6971AA25A210055C0DF /* Base */ = {isa = PBXFileReference; lastKnownFileType = file.storyboard; name = Base; path = Base.lproj/Main.storyboard; sourceTree = "<group>"; };
		71E0D6991AA25A210055C0DF /* Images.xcassets */ = {isa = PBXFileReference; lastKnownFileType = folder.assetcatalog; path = Images.xcassets; sourceTree = "<group>"; };
		71E0D69C1AA25A210055C0DF /* Base */ = {isa = PBXFileReference; lastKnownFileType = file.xib; name = Base; path = Base.lproj/LaunchScreen.xib; sourceTree = "<group>"; };
		71E0D6A21AA25A210055C0DF /* ClockTests.xctest */ = {isa = PBXFileReference; explicitFileType = wrapper.cfbundle; includeInIndex = 0; path = ClockTests.xctest; sourceTree = BUILT_PRODUCTS_DIR; };
		71E0D6A71AA25A210055C0DF /* Info.plist */ = {isa = PBXFileReference; lastKnownFileType = text.plist.xml; path = Info.plist; sourceTree = "<group>"; };
		71E0D6A81AA25A210055C0DF /* ClockTests.swift */ = {isa = PBXFileReference; lastKnownFileType = sourcecode.swift; path = ClockTests.swift; sourceTree = "<group>"; };
/* End PBXFileReference section */

/* Begin PBXFrameworksBuildPhase section */
		71E0D68A1AA25A210055C0DF /* Frameworks */ = {
			isa = PBXFrameworksBuildPhase;
			buildActionMask = 2147483647;
			files = (
			);
			runOnlyForDeploymentPostprocessing = 0;
		};
		71E0D69F1AA25A210055C0DF /* Frameworks */ = {
			isa = PBXFrameworksBuildPhase;
			buildActionMask = 2147483647;
			files = (
			);
			runOnlyForDeploymentPostprocessing = 0;
		};
/* End PBXFrameworksBuildPhase section */

/* Begin PBXGroup section */
		71E0D6841AA25A210055C0DF = {
			isa = PBXGroup;
			children = (
				71E0D68F1AA25A210055C0DF /* Clock */,
				71E0D6A51AA25A210055C0DF /* ClockTests */,
				71E0D68E1AA25A210055C0DF /* Products */,
			);
			sourceTree = "<group>";
		};
		71E0D68E1AA25A210055C0DF /* Products */ = {
			isa = PBXGroup;
			children = (
				71E0D68D1AA25A210055C0DF /* Clock.app */,
				71E0D6A21AA25A210055C0DF /* ClockTests.xctest */,
			);
			name = Products;
			sourceTree = "<group>";
		};
		71E0D68F1AA25A210055C0DF /* Clock */ = {
			isa = PBXGroup;
			children = (
				71E0D6921AA25A210055C0DF /* AppDelegate.swift */,
				71E0D6941AA25A210055C0DF /* ViewController.swift */,
				71E0D6961AA25A210055C0DF /* Main.storyboard */,
				71E0D6991AA25A210055C0DF /* Images.xcassets */,
				71E0D69B1AA25A210055C0DF /* LaunchScreen.xib */,
				71E0D6901AA25A210055C0DF /* Supporting Files */,
			);
			path = Clock;
			sourceTree = "<group>";
		};
		71E0D6901AA25A210055C0DF /* Supporting Files */ = {
			isa = PBXGroup;
			children = (
				71E0D6911AA25A210055C0DF /* Info.plist */,
			);
			name = "Supporting Files";
			sourceTree = "<group>";
		};
		71E0D6A51AA25A210055C0DF /* ClockTests */ = {
			isa = PBXGroup;
			children = (
				71E0D6A81AA25A210055C0DF /* ClockTests.swift */,
				71E0D6A61AA25A210055C0DF /* Supporting Files */,
			);
			path = ClockTests;
			sourceTree = "<group>";
		};
		71E0D6A61AA25A210055C0DF /* Supporting Files */ = {
			isa = PBXGroup;
			children = (
				71E0D6A71AA25A210055C0DF /* Info.plist */,
			);
			name = "Supporting Files";
			sourceTree = "<group>";
		};
/* End PBXGroup section */

/* Begin PBXNativeTarget section */
		71E0D68C1AA25A210055C0DF /* Clock */ = {
			isa = PBXNativeTarget;
			buildConfigurationList = 71E0D6AC1AA25A210055C0DF /* Build configuration list for PBXNativeTarget "Clock" */;
			buildPhases = (
				71E0D6891AA25A210055C0DF /* Sources */,
				71E0D68A1AA25A210055C0DF /* Frameworks */,
				71E0D68B1AA25A210055C0DF /* Resources */,
			);
			buildRules = (
			);
			dependencies = (
			);
			name = Clock;
			productName = Clock;
			productReference = 71E0D68D1AA25A210055C0DF /* Clock.app */;
			productType = "com.apple.product-type.application";
		};
		71E0D6A11AA25A210055C0DF /* ClockTests */ = {
			isa = PBXNativeTarget;
			buildConfigurationList = 71E0D6AF1AA25A210055C0DF /* Build configuration list for PBXNativeTarget "ClockTests" */;
			buildPhases = (
				71E0D69E1AA25A210055C0DF /* Sources */,
				71E0D69F1AA25A210055C0DF /* Frameworks */,
				71E0D6A01AA25A210055C0DF /* Resources */,
			);
			buildRules = (
			);
			dependencies = (
				71E0D6A41AA25A210055C0DF /* PBXTargetDependency */,
			);
			name = ClockTests;
			productName = ClockTests;
			productReference = 71E0D6A21AA25A210055C0DF /* ClockTests.xctest */;
			productType = "com.apple.product-type.bundle.unit-test";
		};
/* End PBXNativeTarget section */

/* Begin PBXProject section */
		71E0D6851AA25A210055C0DF /* Project object */ = {
			isa = PBXProject;
			attributes = {
				LastUpgradeCheck = 0610;
				ORGANIZATIONNAME = "Innotronic Ingenieurbüro GmbH";
				TargetAttributes = {
					71E0D68C1AA25A210055C0DF = {
						CreatedOnToolsVersion = 6.1.1;
					};
					71E0D6A11AA25A210055C0DF = {
						CreatedOnToolsVersion = 6.1.1;
						TestTargetID = 71E0D68C1AA25A210055C0DF;
					};
				};
			};
			buildConfigurationList = 71E0D6881AA25A210055C0DF /* Build configuration list for PBXProject "Clock" */;
			compatibilityVersion = "Xcode 3.2";
			developmentRegion = English;
			hasScannedForEncodings = 0;
			knownRegions = (
				en,
				Base,
			);
			mainGroup = 71E0D6841AA25A210055C0DF;
			productRefGroup = 71E0D68E1AA25A210055C0DF /* Products */;
			projectDirPath = "";
			projectRoot = "";
			targets = (
				71E0D68C1AA25A210055C0DF /* Clock */,
				71E0D6A11AA25A210055C0DF /* ClockTests */,
			);
		};
/* End PBXProject section */

/* Begin PBXResourcesBuildPhase section */
		71E0D68B1AA25A210055C0DF /* Resources */ = {
			isa = PBXResourcesBuildPhase;
			buildActionMask = 2147483647;
			files = (
				71E0D6981AA25A210055C0DF /* Main.storyboard in Resources */,
				71E0D69D1AA25A210055C0DF /* LaunchScreen.xib in Resources */,
				71E0D69A1AA25A210055C0DF /* Images.xcassets in Resources */,
			);
			runOnlyForDeploymentPostprocessing = 0;
		};
		71E0D6A01AA25A210055C0DF /* Resources */ = {
			isa = PBXResourcesBuildPhase;
			buildActionMask = 2147483647;
			files = (
			);
			runOnlyForDeploymentPostprocessing = 0;
		};
/* End PBXResourcesBuildPhase section */

/* Begin PBXSourcesBuildPhase section */
		71E0D6891AA25A210055C0DF /* Sources */ = {
			isa = PBXSourcesBuildPhase;
			buildActionMask = 2147483647;
			files = (
				71E0D6951AA25A210055C0DF /* ViewController.swift in Sources */,
				71E0D6931AA25A210055C0DF /* AppDelegate.swift in Sources */,
			);
			runOnlyForDeploymentPostprocessing = 0;
		};
		71E0D69E1AA25A210055C0DF /* Sources */ = {
			isa = PBXSourcesBuildPhase;
			buildActionMask = 2147483647;
			files = (
				71E0D6A91AA25A210055C0DF /* ClockTests.swift in Sources */,
			);
			runOnlyForDeploymentPostprocessing = 0;
		};
/* End PBXSourcesBuildPhase section */

/* Begin PBXTargetDependency section */
		71E0D6A41AA25A210055C0DF /* PBXTargetDependency */ = {
			isa = PBXTargetDependency;
			target = 71E0D68C1AA25A210055C0DF /* Clock */;
			targetProxy = 71E0D6A31AA25A210055C0DF /* PBXContainerItemProxy */;
		};
/* End PBXTargetDependency section */

/* Begin PBXVariantGroup section */
		71E0D6961AA25A210055C0DF /* Main.storyboard */ = {
			isa = PBXVariantGroup;
			children = (
				71E0D6971AA25A210055C0DF /* Base */,
			);
			name = Main.storyboard;
			sourceTree = "<group>";
		};
		71E0D69B1AA25A210055C0DF /* LaunchScreen.xib */ = {
			isa = PBXVariantGroup;
			children = (
				71E0D69C1AA25A210055C0DF /* Base */,
			);
			name = LaunchScreen.xib;
			sourceTree = "<group>";
		};
/* End PBXVariantGroup section */

/* Begin XCBuildConfiguration section */
		71E0D6AA1AA25A210055C0DF /* Debug */ = {
			isa = XCBuildConfiguration;
			buildSettings = {
				ALWAYS_SEARCH_USER_PATHS = NO;
				CLANG_CXX_LANGUAGE_STANDARD = "gnu++0x";
				CLANG_CXX_LIBRARY = "libc++";
				CLANG_ENABLE_MODULES = YES;
				CLANG_ENABLE_OBJC_ARC = YES;
				CLANG_WARN_BOOL_CONVERSION = YES;
				CLANG_WARN_CONSTANT_CONVERSION = YES;
				CLANG_WARN_DIRECT_OBJC_ISA_USAGE = YES_ERROR;
				CLANG_WARN_EMPTY_BODY = YES;
				CLANG_WARN_ENUM_CONVERSION = YES;
				CLANG_WARN_INT_CONVERSION = YES;
				CLANG_WARN_OBJC_ROOT_CLASS = YES_ERROR;
				CLANG_WARN_UNREACHABLE_CODE = YES;
				CLANG_WARN__DUPLICATE_METHOD_MATCH = YES;
				"CODE_SIGN_IDENTITY[sdk=iphoneos*]" = "iPhone Developer";
				COPY_PHASE_STRIP = NO;
				ENABLE_STRICT_OBJC_MSGSEND = YES;
				GCC_C_LANGUAGE_STANDARD = gnu99;
				GCC_DYNAMIC_NO_PIC = NO;
				GCC_OPTIMIZATION_LEVEL = 0;
				GCC_PREPROCESSOR_DEFINITIONS = (
					"DEBUG=1",
					"$(inherited)",
				);
				GCC_SYMBOLS_PRIVATE_EXTERN = NO;
				GCC_WARN_64_TO_32_BIT_CONVERSION = YES;
				GCC_WARN_ABOUT_RETURN_TYPE = YES_ERROR;
				GCC_WARN_UNDECLARED_SELECTOR = YES;
				GCC_WARN_UNINITIALIZED_AUTOS = YES_AGGRESSIVE;
				GCC_WARN_UNUSED_FUNCTION = YES;
				GCC_WARN_UNUSED_VARIABLE = YES;
				IPHONEOS_DEPLOYMENT_TARGET = 8.1;
				MTL_ENABLE_DEBUG_INFO = YES;
				ONLY_ACTIVE_ARCH = YES;
				SDKROOT = iphoneos;
				SWIFT_OPTIMIZATION_LEVEL = "-Onone";
				TARGETED_DEVICE_FAMILY = "1,2";
			};
			name = Debug;
		};
		71E0D6AB1AA25A210055C0DF /* Release */ = {
			isa = XCBuildConfiguration;
			buildSettings = {
				ALWAYS_SEARCH_USER_PATHS = NO;
				CLANG_CXX_LANGUAGE_STANDARD = "gnu++0x";
				CLANG_CXX_LIBRARY = "libc++";
				CLANG_ENABLE_MODULES = YES;
				CLANG_ENABLE_OBJC_ARC = YES;
				CLANG_WARN_BOOL_CONVERSION = YES;
				CLANG_WARN_CONSTANT_CONVERSION = YES;
				CLANG_WARN_DIRECT_OBJC_ISA_USAGE = YES_ERROR;
				CLANG_WARN_EMPTY_BODY = YES;
				CLANG_WARN_ENUM_CONVERSION = YES;
				CLANG_WARN_INT_CONVERSION = YES;
				CLANG_WARN_OBJC_ROOT_CLASS = YES_ERROR;
				CLANG_WARN_UNREACHABLE_CODE = YES;
				CLANG_WARN__DUPLICATE_METHOD_MATCH = YES;
				"CODE_SIGN_IDENTITY[sdk=iphoneos*]" = "iPhone Developer";
				COPY_PHASE_STRIP = YES;
				ENABLE_NS_ASSERTIONS = NO;
				ENABLE_STRICT_OBJC_MSGSEND = YES;
				GCC_C_LANGUAGE_STANDARD = gnu99;
				GCC_WARN_64_TO_32_BIT_CONVERSION = YES;
				GCC_WARN_ABOUT_RETURN_TYPE = YES_ERROR;
				GCC_WARN_UNDECLARED_SELECTOR = YES;
				GCC_WARN_UNINITIALIZED_AUTOS = YES_AGGRESSIVE;
				GCC_WARN_UNUSED_FUNCTION = YES;
				GCC_WARN_UNUSED_VARIABLE = YES;
				IPHONEOS_DEPLOYMENT_TARGET = 8.1;
				MTL_ENABLE_DEBUG_INFO = NO;
				SDKROOT = iphoneos;
				TARGETED_DEVICE_FAMILY = "1,2";
				VALIDATE_PRODUCT = YES;
			};
			name = Release;
		};
		71E0D6AD1AA25A210055C0DF /* Debug */ = {
			isa = XCBuildConfiguration;
			buildSettings = {
				ASSETCATALOG_COMPILER_APPICON_NAME = AppIcon;
				INFOPLIST_FILE = Clock/Info.plist;
				LD_RUNPATH_SEARCH_PATHS = "$(inherited) @executable_path/Frameworks";
				PRODUCT_NAME = "$(TARGET_NAME)";
			};
			name = Debug;
		};
		71E0D6AE1AA25A210055C0DF /* Release */ = {
			isa = XCBuildConfiguration;
			buildSettings = {
				ASSETCATALOG_COMPILER_APPICON_NAME = AppIcon;
				INFOPLIST_FILE = Clock/Info.plist;
				LD_RUNPATH_SEARCH_PATHS = "$(inherited) @executable_path/Frameworks";
				PRODUCT_NAME = "$(TARGET_NAME)";
			};
			name = Release;
		};
		71E0D6B01AA25A210055C0DF /* Debug */ = {
			isa = XCBuildConfiguration;
			buildSettings = {
				BUNDLE_LOADER = "$(TEST_HOST)";
				FRAMEWORK_SEARCH_PATHS = (
					"$(SDKROOT)/Developer/Library/Frameworks",
					"$(inherited)",
				);
				GCC_PREPROCESSOR_DEFINITIONS = (
					"DEBUG=1",
					"$(inherited)",
				);
				INFOPLIST_FILE = ClockTests/Info.plist;
				LD_RUNPATH_SEARCH_PATHS = "$(inherited) @executable_path/Frameworks @loader_path/Frameworks";
				PRODUCT_NAME = "$(TARGET_NAME)";
				TEST_HOST = "$(BUILT_PRODUCTS_DIR)/Clock.app/Clock";
			};
			name = Debug;
		};
		71E0D6B11AA25A210055C0DF /* Release */ = {
			isa = XCBuildConfiguration;
			buildSettings = {
				BUNDLE_LOADER = "$(TEST_HOST)";
				FRAMEWORK_SEARCH_PATHS = (
					"$(SDKROOT)/Developer/Library/Frameworks",
					"$(inherited)",
				);
				INFOPLIST_FILE = ClockTests/Info.plist;
				LD_RUNPATH_SEARCH_PATHS = "$(inherited) @executable_path/Frameworks @loader_path/Frameworks";
				PRODUCT_NAME = "$(TARGET_NAME)";
				TEST_HOST = "$(BUILT_PRODUCTS_DIR)/Clock.app/Clock";
			};
			name = Release;
		};
/* End XCBuildConfiguration section */

/* Begin XCConfigurationList section */
		71E0D6881AA25A210055C0DF /* Build configuration list for PBXProject "Clock" */ = {
			isa = XCConfigurationList;
			buildConfigurations = (
				71E0D6AA1AA25A210055C0DF /* Debug */,
				71E0D6AB1AA25A210055C0DF /* Release */,
			);
			defaultConfigurationIsVisible = 0;
			defaultConfigurationName = Release;
		};
		71E0D6AC1AA25A210055C0DF /* Build configuration list for PBXNativeTarget "Clock" */ = {
			isa = XCConfigurationList;
			buildConfigurations = (
				71E0D6AD1AA25A210055C0DF /* Debug */,
				71E0D6AE1AA25A210055C0DF /* Release */,
			);
			defaultConfigurationIsVisible = 0;
		};
		71E0D6AF1AA25A210055C0DF /* Build configuration list for PBXNativeTarget "ClockTests" */ = {
			isa = XCConfigurationList;
			buildConfigurations = (
				71E0D6B01AA25A210055C0DF /* Debug */,
				71E0D6B11AA25A210055C0DF /* Release */,
			);
			defaultConfigurationIsVisible = 0;
		};
/* End XCConfigurationList section */
	};
	rootObject = 71E0D6851AA25A210055C0DF /* Project object */;
}
